
Microsoft Visual Studio Solution File, Format Version 12.00
# Visual Studio Version 17
VisualStudioVersion = 17.14.36429.23 d17.14
MinimumVisualStudioVersion = 10.0.40219.1
Project("{FAE04EC0-301F-11D3-BF4B-00C04F79EFBC}") = "Birlik_Api", "Birlik_Api\Birlik_Api.csproj", "{B7AF99CD-585F-46BE-B0B6-347A7D344CDD}"
EndProject
Global
	GlobalSection(SolutionConfigurationPlatforms) = preSolution
		Debug|Any CPU = Debug|Any CPU
		Release|Any CPU = Release|Any CPU
	EndGlobalSection
	GlobalSection(ProjectConfigurationPlatforms) = postSolution
		{B7AF99CD-585F-46BE-B0B6-347A7D344CDD}.Debug|Any CPU.ActiveCfg = Debug|Any CPU
		{B7AF99CD-585F-46BE-B0B6-347A7D344CDD}.Debug|Any CPU.Build.0 = Debug|Any CPU
		{B7AF99CD-585F-46BE-B0B6-347A7D344CDD}.Release|Any CPU.ActiveCfg = Release|Any CPU
		{B7AF99CD-585F-46BE-B0B6-347A7D344CDD}.Release|Any CPU.Build.0 = Release|Any CPU
	EndGlobalSection
	GlobalSection(SolutionProperties) = preSolution
		HideSolutionNode = FALSE
	EndGlobalSection
	GlobalSection(ExtensibilityGlobals) = postSolution
		SolutionGuid = {712E4B0B-0C67-4CD3-8FF6-B269200080A4}
	EndGlobalSection
EndGlobal
